// !$*UTF8*$!
{
	archiveVersion = 1;
	classes = {
	};
	objectVersion = 51;
	objects = {

/* Begin PBXBuildFile section */
		2B28F1D524E1810100959C7A /* AppsHeaderCell.swift in Sources */ = {isa = PBXBuildFile; fileRef = 2B28F1D424E1810100959C7A /* AppsHeaderCell.swift */; };
		2B2CC5FE24E18DDD0062AB81 /* AppGroup.swift in Sources */ = {isa = PBXBuildFile; fileRef = 2B2CC5FD24E18DDD0062AB81 /* AppGroup.swift */; };
		2B2EE1EC24DC0A83008E1CA5 /* SearchResult.swift in Sources */ = {isa = PBXBuildFile; fileRef = 2B2EE1EB24DC0A83008E1CA5 /* SearchResult.swift */; };
		2B3FDBE424E044570065D3D0 /* AppRowCell.swift in Sources */ = {isa = PBXBuildFile; fileRef = 2B3FDBE324E044570065D3D0 /* AppRowCell.swift */; };
		2B4C5BE624746260006692BB /* AppDelegate.swift in Sources */ = {isa = PBXBuildFile; fileRef = 2B4C5BE524746260006692BB /* AppDelegate.swift */; };
		2B4C5BE824746260006692BB /* SceneDelegate.swift in Sources */ = {isa = PBXBuildFile; fileRef = 2B4C5BE724746260006692BB /* SceneDelegate.swift */; };
		2B4C5BEF24746262006692BB /* Assets.xcassets in Resources */ = {isa = PBXBuildFile; fileRef = 2B4C5BEE24746262006692BB /* Assets.xcassets */; };
		2B4C5BF224746262006692BB /* LaunchScreen.storyboard in Resources */ = {isa = PBXBuildFile; fileRef = 2B4C5BF024746262006692BB /* LaunchScreen.storyboard */; };
		2B4C5BFA247462D7006692BB /* BaseTabBarController.swift in Sources */ = {isa = PBXBuildFile; fileRef = 2B4C5BF9247462D7006692BB /* BaseTabBarController.swift */; };
		2B4C5BFD247469BB006692BB /* AppsSearchController.swift in Sources */ = {isa = PBXBuildFile; fileRef = 2B4C5BFC247469BB006692BB /* AppsSearchController.swift */; };
		2B4C5C0024746D45006692BB /* SearchResultsCell.swift in Sources */ = {isa = PBXBuildFile; fileRef = 2B4C5BFF24746D45006692BB /* SearchResultsCell.swift */; };
		2B4F6A4924DC144900605162 /* ApiService.swift in Sources */ = {isa = PBXBuildFile; fileRef = 2B4F6A4824DC144800605162 /* ApiService.swift */; };
		2B5C68B124DFE926003AC0B6 /* AppsGroupCell.swift in Sources */ = {isa = PBXBuildFile; fileRef = 2B5C68B024DFE926003AC0B6 /* AppsGroupCell.swift */; };
		2B70133E24E03B7A0006FD1C /* extensions.swift in Sources */ = {isa = PBXBuildFile; fileRef = 2B70133D24E03B7A0006FD1C /* extensions.swift */; };
		2B70134024E03C720006FD1C /* AppsHorizontalController.swift in Sources */ = {isa = PBXBuildFile; fileRef = 2B70133F24E03C720006FD1C /* AppsHorizontalController.swift */; };
		2B7615CE24EDC5C000ED86D0 /* PreviewScreenshotsController.swift in Sources */ = {isa = PBXBuildFile; fileRef = 2B7615CD24EDC5C000ED86D0 /* PreviewScreenshotsController.swift */; };
		2B7FABAF24E9CAA800C5986D /* AppDetailCell.swift in Sources */ = {isa = PBXBuildFile; fileRef = 2B7FABAE24E9CAA800C5986D /* AppDetailCell.swift */; };
		2B86E12624E86FFE0059B0B3 /* AppDetailController.swift in Sources */ = {isa = PBXBuildFile; fileRef = 2B86E12524E86FFE0059B0B3 /* AppDetailController.swift */; };
		2B8860C024E6CEDA00D6FF74 /* SocialApp.swift in Sources */ = {isa = PBXBuildFile; fileRef = 2B8860BF24E6CEDA00D6FF74 /* SocialApp.swift */; };
		2B8860C224E720F900D6FF74 /* HorizontalSnappingController.swift in Sources */ = {isa = PBXBuildFile; fileRef = 2B8860C124E720F900D6FF74 /* HorizontalSnappingController.swift */; };
		2B8860C424E724AD00D6FF74 /* BetterSnappingLayout.swift in Sources */ = {isa = PBXBuildFile; fileRef = 2B8860C324E724AD00D6FF74 /* BetterSnappingLayout.swift */; };
		2B915C1724E1798F0027DC5A /* AppsPageHeader.swift in Sources */ = {isa = PBXBuildFile; fileRef = 2B915C1624E1798F0027DC5A /* AppsPageHeader.swift */; };
		2B915C1924E17E310027DC5A /* AppsHeaderHorizontalController.swift in Sources */ = {isa = PBXBuildFile; fileRef = 2B915C1824E17E310027DC5A /* AppsHeaderHorizontalController.swift */; };
		2BA16B3024EC6AED00F17C77 /* PreviewCell.swift in Sources */ = {isa = PBXBuildFile; fileRef = 2BA16B2F24EC6AED00F17C77 /* PreviewCell.swift */; };
		2BBB067624DB452C005C1A5E /* VerticalStackView.swift in Sources */ = {isa = PBXBuildFile; fileRef = 2BBB067524DB452C005C1A5E /* VerticalStackView.swift */; };
		2BDCD8BB24DEFF7A0021368F /* AppsPageController.swift in Sources */ = {isa = PBXBuildFile; fileRef = 2BDCD8BA24DEFF7A0021368F /* AppsPageController.swift */; };
		2BDCD8BD24DF00640021368F /* BaseListController.swift in Sources */ = {isa = PBXBuildFile; fileRef = 2BDCD8BC24DF00640021368F /* BaseListController.swift */; };
		8D74CEE0509AE2315794DE6D /* Pods_AppStoreJSONApis.framework in Frameworks */ = {isa = PBXBuildFile; fileRef = 817AD088C9ECDACC5A6CCC09 /* Pods_AppStoreJSONApis.framework */; };
/* End PBXBuildFile section */

/* Begin PBXFileReference section */
		1AAF1D6CF258759A1B291EF9 /* Pods-AppStoreJSONApis.release.xcconfig */ = {isa = PBXFileReference; includeInIndex = 1; lastKnownFileType = text.xcconfig; name = "Pods-AppStoreJSONApis.release.xcconfig"; path = "Target Support Files/Pods-AppStoreJSONApis/Pods-AppStoreJSONApis.release.xcconfig"; sourceTree = "<group>"; };
		2B28F1D424E1810100959C7A /* AppsHeaderCell.swift */ = {isa = PBXFileReference; lastKnownFileType = sourcecode.swift; path = AppsHeaderCell.swift; sourceTree = "<group>"; };
		2B2CC5FD24E18DDD0062AB81 /* AppGroup.swift */ = {isa = PBXFileReference; lastKnownFileType = sourcecode.swift; path = AppGroup.swift; sourceTree = "<group>"; };
		2B2EE1EB24DC0A83008E1CA5 /* SearchResult.swift */ = {isa = PBXFileReference; lastKnownFileType = sourcecode.swift; path = SearchResult.swift; sourceTree = "<group>"; };
		2B3FDBE324E044570065D3D0 /* AppRowCell.swift */ = {isa = PBXFileReference; lastKnownFileType = sourcecode.swift; path = AppRowCell.swift; sourceTree = "<group>"; };
		2B4C5BE224746260006692BB /* AppStoreJSONApis.app */ = {isa = PBXFileReference; explicitFileType = wrapper.application; includeInIndex = 0; path = AppStoreJSONApis.app; sourceTree = BUILT_PRODUCTS_DIR; };
		2B4C5BE524746260006692BB /* AppDelegate.swift */ = {isa = PBXFileReference; lastKnownFileType = sourcecode.swift; path = AppDelegate.swift; sourceTree = "<group>"; };
		2B4C5BE724746260006692BB /* SceneDelegate.swift */ = {isa = PBXFileReference; lastKnownFileType = sourcecode.swift; path = SceneDelegate.swift; sourceTree = "<group>"; };
		2B4C5BEE24746262006692BB /* Assets.xcassets */ = {isa = PBXFileReference; lastKnownFileType = folder.assetcatalog; path = Assets.xcassets; sourceTree = "<group>"; };
		2B4C5BF124746262006692BB /* Base */ = {isa = PBXFileReference; lastKnownFileType = file.storyboard; name = Base; path = Base.lproj/LaunchScreen.storyboard; sourceTree = "<group>"; };
		2B4C5BF324746262006692BB /* Info.plist */ = {isa = PBXFileReference; lastKnownFileType = text.plist.xml; path = Info.plist; sourceTree = "<group>"; };
		2B4C5BF9247462D7006692BB /* BaseTabBarController.swift */ = {isa = PBXFileReference; lastKnownFileType = sourcecode.swift; path = BaseTabBarController.swift; sourceTree = "<group>"; };
		2B4C5BFC247469BB006692BB /* AppsSearchController.swift */ = {isa = PBXFileReference; lastKnownFileType = sourcecode.swift; path = AppsSearchController.swift; sourceTree = "<group>"; };
		2B4C5BFF24746D45006692BB /* SearchResultsCell.swift */ = {isa = PBXFileReference; lastKnownFileType = sourcecode.swift; path = SearchResultsCell.swift; sourceTree = "<group>"; };
		2B4F6A4824DC144800605162 /* ApiService.swift */ = {isa = PBXFileReference; lastKnownFileType = sourcecode.swift; path = ApiService.swift; sourceTree = "<group>"; };
		2B5C68B024DFE926003AC0B6 /* AppsGroupCell.swift */ = {isa = PBXFileReference; lastKnownFileType = sourcecode.swift; path = AppsGroupCell.swift; sourceTree = "<group>"; };
		2B70133D24E03B7A0006FD1C /* extensions.swift */ = {isa = PBXFileReference; lastKnownFileType = sourcecode.swift; path = extensions.swift; sourceTree = "<group>"; };
		2B70133F24E03C720006FD1C /* AppsHorizontalController.swift */ = {isa = PBXFileReference; lastKnownFileType = sourcecode.swift; path = AppsHorizontalController.swift; sourceTree = "<group>"; };
		2B7615CD24EDC5C000ED86D0 /* PreviewScreenshotsController.swift */ = {isa = PBXFileReference; lastKnownFileType = sourcecode.swift; path = PreviewScreenshotsController.swift; sourceTree = "<group>"; };
		2B7FABAE24E9CAA800C5986D /* AppDetailCell.swift */ = {isa = PBXFileReference; lastKnownFileType = sourcecode.swift; path = AppDetailCell.swift; sourceTree = "<group>"; };
		2B86E12524E86FFE0059B0B3 /* AppDetailController.swift */ = {isa = PBXFileReference; lastKnownFileType = sourcecode.swift; path = AppDetailController.swift; sourceTree = "<group>"; };
		2B8860BF24E6CEDA00D6FF74 /* SocialApp.swift */ = {isa = PBXFileReference; lastKnownFileType = sourcecode.swift; path = SocialApp.swift; sourceTree = "<group>"; };
		2B8860C124E720F900D6FF74 /* HorizontalSnappingController.swift */ = {isa = PBXFileReference; lastKnownFileType = sourcecode.swift; path = HorizontalSnappingController.swift; sourceTree = "<group>"; };
		2B8860C324E724AD00D6FF74 /* BetterSnappingLayout.swift */ = {isa = PBXFileReference; lastKnownFileType = sourcecode.swift; path = BetterSnappingLayout.swift; sourceTree = "<group>"; };
		2B915C1624E1798F0027DC5A /* AppsPageHeader.swift */ = {isa = PBXFileReference; lastKnownFileType = sourcecode.swift; path = AppsPageHeader.swift; sourceTree = "<group>"; };
		2B915C1824E17E310027DC5A /* AppsHeaderHorizontalController.swift */ = {isa = PBXFileReference; lastKnownFileType = sourcecode.swift; path = AppsHeaderHorizontalController.swift; sourceTree = "<group>"; };
		2BA16B2F24EC6AED00F17C77 /* PreviewCell.swift */ = {isa = PBXFileReference; lastKnownFileType = sourcecode.swift; path = PreviewCell.swift; sourceTree = "<group>"; };
		2BBB067524DB452C005C1A5E /* VerticalStackView.swift */ = {isa = PBXFileReference; lastKnownFileType = sourcecode.swift; path = VerticalStackView.swift; sourceTree = "<group>"; };
		2BDCD8BA24DEFF7A0021368F /* AppsPageController.swift */ = {isa = PBXFileReference; lastKnownFileType = sourcecode.swift; path = AppsPageController.swift; sourceTree = "<group>"; };
		2BDCD8BC24DF00640021368F /* BaseListController.swift */ = {isa = PBXFileReference; lastKnownFileType = sourcecode.swift; path = BaseListController.swift; sourceTree = "<group>"; };
		817AD088C9ECDACC5A6CCC09 /* Pods_AppStoreJSONApis.framework */ = {isa = PBXFileReference; explicitFileType = wrapper.framework; includeInIndex = 0; path = Pods_AppStoreJSONApis.framework; sourceTree = BUILT_PRODUCTS_DIR; };
		AA6B96380B1414C9B6B3BBE7 /* Pods-AppStoreJSONApis.debug.xcconfig */ = {isa = PBXFileReference; includeInIndex = 1; lastKnownFileType = text.xcconfig; name = "Pods-AppStoreJSONApis.debug.xcconfig"; path = "Target Support Files/Pods-AppStoreJSONApis/Pods-AppStoreJSONApis.debug.xcconfig"; sourceTree = "<group>"; };
/* End PBXFileReference section */

/* Begin PBXFrameworksBuildPhase section */
		2B4C5BDF24746260006692BB /* Frameworks */ = {
			isa = PBXFrameworksBuildPhase;
			buildActionMask = 2147483647;
			files = (
				8D74CEE0509AE2315794DE6D /* Pods_AppStoreJSONApis.framework in Frameworks */,
			);
			runOnlyForDeploymentPostprocessing = 0;
		};
/* End PBXFrameworksBuildPhase section */

/* Begin PBXGroup section */
		092B58005E1B0F854F6C60F0 /* Frameworks */ = {
			isa = PBXGroup;
			children = (
				817AD088C9ECDACC5A6CCC09 /* Pods_AppStoreJSONApis.framework */,
			);
			name = Frameworks;
			sourceTree = "<group>";
		};
		2B2EE1ED24DC0A87008E1CA5 /* Model */ = {
			isa = PBXGroup;
			children = (
				2B2EE1EB24DC0A83008E1CA5 /* SearchResult.swift */,
				2B2CC5FD24E18DDD0062AB81 /* AppGroup.swift */,
				2B8860BF24E6CEDA00D6FF74 /* SocialApp.swift */,
			);
			path = Model;
			sourceTree = "<group>";
		};
		2B4C5BD924746260006692BB = {
			isa = PBXGroup;
			children = (
				2B4C5BE424746260006692BB /* AppStoreJSONApis */,
				2B4C5BE324746260006692BB /* Products */,
				A19A7A84FED1BA2A334D71D4 /* Pods */,
				092B58005E1B0F854F6C60F0 /* Frameworks */,
			);
			sourceTree = "<group>";
		};
		2B4C5BE324746260006692BB /* Products */ = {
			isa = PBXGroup;
			children = (
				2B4C5BE224746260006692BB /* AppStoreJSONApis.app */,
			);
			name = Products;
			sourceTree = "<group>";
		};
		2B4C5BE424746260006692BB /* AppStoreJSONApis */ = {
			isa = PBXGroup;
			children = (
				2B4F6A4724DC143B00605162 /* ServiceFile */,
				2B2EE1ED24DC0A87008E1CA5 /* Model */,
				2BBB067424DB4154005C1A5E /* Helpers */,
				2B4C5BFE24746D32006692BB /* Views */,
				2B4C5BFB2474698E006692BB /* Controller */,
				2B4C5BE524746260006692BB /* AppDelegate.swift */,
				2B4C5BE724746260006692BB /* SceneDelegate.swift */,
				2B4C5BEE24746262006692BB /* Assets.xcassets */,
				2B4C5BF024746262006692BB /* LaunchScreen.storyboard */,
				2B4C5BF324746262006692BB /* Info.plist */,
			);
			path = AppStoreJSONApis;
			sourceTree = "<group>";
		};
		2B4C5BFB2474698E006692BB /* Controller */ = {
			isa = PBXGroup;
			children = (
				2B86E12424E86FF30059B0B3 /* details */,
				2BDCD8BE24DF00AA0021368F /* tabBarGroup */,
				2BDCD8B924DEFF6F0021368F /* AppsGroup */,
				2BDCD8BF24DF01020021368F /* SearchController */,
				2BDCD8BC24DF00640021368F /* BaseListController.swift */,
				2B8860C124E720F900D6FF74 /* HorizontalSnappingController.swift */,
				2B8860C324E724AD00D6FF74 /* BetterSnappingLayout.swift */,
			);
			path = Controller;
			sourceTree = "<group>";
		};
		2B4C5BFE24746D32006692BB /* Views */ = {
			isa = PBXGroup;
			children = (
				2B4C5BFF24746D45006692BB /* SearchResultsCell.swift */,
				2B5C68B024DFE926003AC0B6 /* AppsGroupCell.swift */,
				2B3FDBE324E044570065D3D0 /* AppRowCell.swift */,
				2B28F1D424E1810100959C7A /* AppsHeaderCell.swift */,
			);
			path = Views;
			sourceTree = "<group>";
		};
		2B4F6A4724DC143B00605162 /* ServiceFile */ = {
			isa = PBXGroup;
			children = (
				2B4F6A4824DC144800605162 /* ApiService.swift */,
			);
			path = ServiceFile;
			sourceTree = "<group>";
		};
		2B86E12424E86FF30059B0B3 /* details */ = {
			isa = PBXGroup;
			children = (
				2B86E12524E86FFE0059B0B3 /* AppDetailController.swift */,
				2B7FABAE24E9CAA800C5986D /* AppDetailCell.swift */,
				2BA16B2F24EC6AED00F17C77 /* PreviewCell.swift */,
				2B7615CD24EDC5C000ED86D0 /* PreviewScreenshotsController.swift */,
			);
			path = details;
			sourceTree = "<group>";
		};
		2BBB067424DB4154005C1A5E /* Helpers */ = {
			isa = PBXGroup;
			children = (
				2BBB067524DB452C005C1A5E /* VerticalStackView.swift */,
				2B70133D24E03B7A0006FD1C /* extensions.swift */,
			);
			path = Helpers;
			sourceTree = "<group>";
		};
		2BDCD8B924DEFF6F0021368F /* AppsGroup */ = {
			isa = PBXGroup;
			children = (
				2B915C1824E17E310027DC5A /* AppsHeaderHorizontalController.swift */,
				2B915C1624E1798F0027DC5A /* AppsPageHeader.swift */,
				2BDCD8BA24DEFF7A0021368F /* AppsPageController.swift */,
				2B70133F24E03C720006FD1C /* AppsHorizontalController.swift */,
			);
			path = AppsGroup;
			sourceTree = "<group>";
		};
		2BDCD8BE24DF00AA0021368F /* tabBarGroup */ = {
			isa = PBXGroup;
			children = (
				2B4C5BF9247462D7006692BB /* BaseTabBarController.swift */,
			);
			path = tabBarGroup;
			sourceTree = "<group>";
		};
		2BDCD8BF24DF01020021368F /* SearchController */ = {
			isa = PBXGroup;
			children = (
				2B4C5BFC247469BB006692BB /* AppsSearchController.swift */,
			);
			path = SearchController;
			sourceTree = "<group>";
		};
		A19A7A84FED1BA2A334D71D4 /* Pods */ = {
			isa = PBXGroup;
			children = (
				AA6B96380B1414C9B6B3BBE7 /* Pods-AppStoreJSONApis.debug.xcconfig */,
				1AAF1D6CF258759A1B291EF9 /* Pods-AppStoreJSONApis.release.xcconfig */,
			);
			path = Pods;
			sourceTree = "<group>";
		};
/* End PBXGroup section */

/* Begin PBXNativeTarget section */
		2B4C5BE124746260006692BB /* AppStoreJSONApis */ = {
			isa = PBXNativeTarget;
			buildConfigurationList = 2B4C5BF624746262006692BB /* Build configuration list for PBXNativeTarget "AppStoreJSONApis" */;
			buildPhases = (
				6BA4BB413EB70C855B5F6B9E /* [CP] Check Pods Manifest.lock */,
				2B4C5BDE24746260006692BB /* Sources */,
				2B4C5BDF24746260006692BB /* Frameworks */,
				2B4C5BE024746260006692BB /* Resources */,
				D3EE88C81401E9F3E5C826B0 /* [CP] Embed Pods Frameworks */,
			);
			buildRules = (
			);
			dependencies = (
			);
			name = AppStoreJSONApis;
			productName = AppStoreJSONApis;
			productReference = 2B4C5BE224746260006692BB /* AppStoreJSONApis.app */;
			productType = "com.apple.product-type.application";
		};
/* End PBXNativeTarget section */

/* Begin PBXProject section */
		2B4C5BDA24746260006692BB /* Project object */ = {
			isa = PBXProject;
			attributes = {
				LastSwiftUpdateCheck = 1140;
				LastUpgradeCheck = 1140;
				ORGANIZATIONNAME = "Milos Milivojevic";
				TargetAttributes = {
					2B4C5BE124746260006692BB = {
						CreatedOnToolsVersion = 11.4.1;
					};
				};
			};
			buildConfigurationList = 2B4C5BDD24746260006692BB /* Build configuration list for PBXProject "AppStoreJSONApis" */;
			compatibilityVersion = "Xcode 9.3";
			developmentRegion = en;
			hasScannedForEncodings = 0;
			knownRegions = (
				en,
				Base,
			);
			mainGroup = 2B4C5BD924746260006692BB;
			productRefGroup = 2B4C5BE324746260006692BB /* Products */;
			projectDirPath = "";
			projectRoot = "";
			targets = (
				2B4C5BE124746260006692BB /* AppStoreJSONApis */,
			);
		};
/* End PBXProject section */

/* Begin PBXResourcesBuildPhase section */
		2B4C5BE024746260006692BB /* Resources */ = {
			isa = PBXResourcesBuildPhase;
			buildActionMask = 2147483647;
			files = (
				2B4C5BF224746262006692BB /* LaunchScreen.storyboard in Resources */,
				2B4C5BEF24746262006692BB /* Assets.xcassets in Resources */,
			);
			runOnlyForDeploymentPostprocessing = 0;
		};
/* End PBXResourcesBuildPhase section */

/* Begin PBXShellScriptBuildPhase section */
		6BA4BB413EB70C855B5F6B9E /* [CP] Check Pods Manifest.lock */ = {
			isa = PBXShellScriptBuildPhase;
			buildActionMask = 2147483647;
			files = (
			);
			inputFileListPaths = (
			);
			inputPaths = (
				"${PODS_PODFILE_DIR_PATH}/Podfile.lock",
				"${PODS_ROOT}/Manifest.lock",
			);
			name = "[CP] Check Pods Manifest.lock";
			outputFileListPaths = (
			);
			outputPaths = (
				"$(DERIVED_FILE_DIR)/Pods-AppStoreJSONApis-checkManifestLockResult.txt",
			);
			runOnlyForDeploymentPostprocessing = 0;
			shellPath = /bin/sh;
			shellScript = "diff \"${PODS_PODFILE_DIR_PATH}/Podfile.lock\" \"${PODS_ROOT}/Manifest.lock\" > /dev/null\nif [ $? != 0 ] ; then\n    # print error to STDERR\n    echo \"error: The sandbox is not in sync with the Podfile.lock. Run 'pod install' or update your CocoaPods installation.\" >&2\n    exit 1\nfi\n# This output is used by Xcode 'outputs' to avoid re-running this script phase.\necho \"SUCCESS\" > \"${SCRIPT_OUTPUT_FILE_0}\"\n";
			showEnvVarsInLog = 0;
		};
		D3EE88C81401E9F3E5C826B0 /* [CP] Embed Pods Frameworks */ = {
			isa = PBXShellScriptBuildPhase;
			buildActionMask = 2147483647;
			files = (
			);
			inputFileListPaths = (
				"${PODS_ROOT}/Target Support Files/Pods-AppStoreJSONApis/Pods-AppStoreJSONApis-frameworks-${CONFIGURATION}-input-files.xcfilelist",
			);
			name = "[CP] Embed Pods Frameworks";
			outputFileListPaths = (
				"${PODS_ROOT}/Target Support Files/Pods-AppStoreJSONApis/Pods-AppStoreJSONApis-frameworks-${CONFIGURATION}-output-files.xcfilelist",
			);
			runOnlyForDeploymentPostprocessing = 0;
			shellPath = /bin/sh;
			shellScript = "\"${PODS_ROOT}/Target Support Files/Pods-AppStoreJSONApis/Pods-AppStoreJSONApis-frameworks.sh\"\n";
			showEnvVarsInLog = 0;
		};
/* End PBXShellScriptBuildPhase section */

/* Begin PBXSourcesBuildPhase section */
		2B4C5BDE24746260006692BB /* Sources */ = {
			isa = PBXSourcesBuildPhase;
			buildActionMask = 2147483647;
			files = (
				2BDCD8BD24DF00640021368F /* BaseListController.swift in Sources */,
				2B4C5BFA247462D7006692BB /* BaseTabBarController.swift in Sources */,
				2B5C68B124DFE926003AC0B6 /* AppsGroupCell.swift in Sources */,
				2B8860C424E724AD00D6FF74 /* BetterSnappingLayout.swift in Sources */,
				2B915C1724E1798F0027DC5A /* AppsPageHeader.swift in Sources */,
				2B2EE1EC24DC0A83008E1CA5 /* SearchResult.swift in Sources */,
				2BA16B3024EC6AED00F17C77 /* PreviewCell.swift in Sources */,
				2B8860C024E6CEDA00D6FF74 /* SocialApp.swift in Sources */,
				2BDCD8BB24DEFF7A0021368F /* AppsPageController.swift in Sources */,
				2BBB067624DB452C005C1A5E /* VerticalStackView.swift in Sources */,
				2B3FDBE424E044570065D3D0 /* AppRowCell.swift in Sources */,
				2B4C5C0024746D45006692BB /* SearchResultsCell.swift in Sources */,
				2B28F1D524E1810100959C7A /* AppsHeaderCell.swift in Sources */,
				2B7615CE24EDC5C000ED86D0 /* PreviewScreenshotsController.swift in Sources */,
				2B4C5BE624746260006692BB /* AppDelegate.swift in Sources */,
				2B915C1924E17E310027DC5A /* AppsHeaderHorizontalController.swift in Sources */,
				2B86E12624E86FFE0059B0B3 /* AppDetailController.swift in Sources */,
				2B4C5BFD247469BB006692BB /* AppsSearchController.swift in Sources */,
				2B2CC5FE24E18DDD0062AB81 /* AppGroup.swift in Sources */,
				2B4F6A4924DC144900605162 /* ApiService.swift in Sources */,
				2B4C5BE824746260006692BB /* SceneDelegate.swift in Sources */,
				2B70134024E03C720006FD1C /* AppsHorizontalController.swift in Sources */,
				2B7FABAF24E9CAA800C5986D /* AppDetailCell.swift in Sources */,
				2B70133E24E03B7A0006FD1C /* extensions.swift in Sources */,
				2B8860C224E720F900D6FF74 /* HorizontalSnappingController.swift in Sources */,
			);
			runOnlyForDeploymentPostprocessing = 0;
		};
/* End PBXSourcesBuildPhase section */

/* Begin PBXVariantGroup section */
		2B4C5BF024746262006692BB /* LaunchScreen.storyboard */ = {
			isa = PBXVariantGroup;
			children = (
				2B4C5BF124746262006692BB /* Base */,
			);
			name = LaunchScreen.storyboard;
			sourceTree = "<group>";
		};
/* End PBXVariantGroup section */

/* Begin XCBuildConfiguration section */
		2B4C5BF424746262006692BB /* Debug */ = {
			isa = XCBuildConfiguration;
			buildSettings = {
				ALWAYS_SEARCH_USER_PATHS = NO;
				CLANG_ANALYZER_NONNULL = YES;
				CLANG_ANALYZER_NUMBER_OBJECT_CONVERSION = YES_AGGRESSIVE;
				CLANG_CXX_LANGUAGE_STANDARD = "gnu++14";
				CLANG_CXX_LIBRARY = "libc++";
				CLANG_ENABLE_MODULES = YES;
				CLANG_ENABLE_OBJC_ARC = YES;
				CLANG_ENABLE_OBJC_WEAK = YES;
				CLANG_WARN_BLOCK_CAPTURE_AUTORELEASING = YES;
				CLANG_WARN_BOOL_CONVERSION = YES;
				CLANG_WARN_COMMA = YES;
				CLANG_WARN_CONSTANT_CONVERSION = YES;
				CLANG_WARN_DEPRECATED_OBJC_IMPLEMENTATIONS = YES;
				CLANG_WARN_DIRECT_OBJC_ISA_USAGE = YES_ERROR;
				CLANG_WARN_DOCUMENTATION_COMMENTS = YES;
				CLANG_WARN_EMPTY_BODY = YES;
				CLANG_WARN_ENUM_CONVERSION = YES;
				CLANG_WARN_INFINITE_RECURSION = YES;
				CLANG_WARN_INT_CONVERSION = YES;
				CLANG_WARN_NON_LITERAL_NULL_CONVERSION = YES;
				CLANG_WARN_OBJC_IMPLICIT_RETAIN_SELF = YES;
				CLANG_WARN_OBJC_LITERAL_CONVERSION = YES;
				CLANG_WARN_OBJC_ROOT_CLASS = YES_ERROR;
				CLANG_WARN_RANGE_LOOP_ANALYSIS = YES;
				CLANG_WARN_STRICT_PROTOTYPES = YES;
				CLANG_WARN_SUSPICIOUS_MOVE = YES;
				CLANG_WARN_UNGUARDED_AVAILABILITY = YES_AGGRESSIVE;
				CLANG_WARN_UNREACHABLE_CODE = YES;
				CLANG_WARN__DUPLICATE_METHOD_MATCH = YES;
				COPY_PHASE_STRIP = NO;
				DEBUG_INFORMATION_FORMAT = dwarf;
				ENABLE_STRICT_OBJC_MSGSEND = YES;
				ENABLE_TESTABILITY = YES;
				GCC_C_LANGUAGE_STANDARD = gnu11;
				GCC_DYNAMIC_NO_PIC = NO;
				GCC_NO_COMMON_BLOCKS = YES;
				GCC_OPTIMIZATION_LEVEL = 0;
				GCC_PREPROCESSOR_DEFINITIONS = (
					"DEBUG=1",
					"$(inherited)",
				);
				GCC_WARN_64_TO_32_BIT_CONVERSION = YES;
				GCC_WARN_ABOUT_RETURN_TYPE = YES_ERROR;
				GCC_WARN_UNDECLARED_SELECTOR = YES;
				GCC_WARN_UNINITIALIZED_AUTOS = YES_AGGRESSIVE;
				GCC_WARN_UNUSED_FUNCTION = YES;
				GCC_WARN_UNUSED_VARIABLE = YES;
				IPHONEOS_DEPLOYMENT_TARGET = 13.4;
				MTL_ENABLE_DEBUG_INFO = INCLUDE_SOURCE;
				MTL_FAST_MATH = YES;
				ONLY_ACTIVE_ARCH = YES;
				SDKROOT = iphoneos;
				SWIFT_ACTIVE_COMPILATION_CONDITIONS = DEBUG;
				SWIFT_OPTIMIZATION_LEVEL = "-Onone";
			};
			name = Debug;
		};
		2B4C5BF524746262006692BB /* Release */ = {
			isa = XCBuildConfiguration;
			buildSettings = {
				ALWAYS_SEARCH_USER_PATHS = NO;
				CLANG_ANALYZER_NONNULL = YES;
				CLANG_ANALYZER_NUMBER_OBJECT_CONVERSION = YES_AGGRESSIVE;
				CLANG_CXX_LANGUAGE_STANDARD = "gnu++14";
				CLANG_CXX_LIBRARY = "libc++";
				CLANG_ENABLE_MODULES = YES;
				CLANG_ENABLE_OBJC_ARC = YES;
				CLANG_ENABLE_OBJC_WEAK = YES;
				CLANG_WARN_BLOCK_CAPTURE_AUTORELEASING = YES;
				CLANG_WARN_BOOL_CONVERSION = YES;
				CLANG_WARN_COMMA = YES;
				CLANG_WARN_CONSTANT_CONVERSION = YES;
				CLANG_WARN_DEPRECATED_OBJC_IMPLEMENTATIONS = YES;
				CLANG_WARN_DIRECT_OBJC_ISA_USAGE = YES_ERROR;
				CLANG_WARN_DOCUMENTATION_COMMENTS = YES;
				CLANG_WARN_EMPTY_BODY = YES;
				CLANG_WARN_ENUM_CONVERSION = YES;
				CLANG_WARN_INFINITE_RECURSION = YES;
				CLANG_WARN_INT_CONVERSION = YES;
				CLANG_WARN_NON_LITERAL_NULL_CONVERSION = YES;
				CLANG_WARN_OBJC_IMPLICIT_RETAIN_SELF = YES;
				CLANG_WARN_OBJC_LITERAL_CONVERSION = YES;
				CLANG_WARN_OBJC_ROOT_CLASS = YES_ERROR;
				CLANG_WARN_RANGE_LOOP_ANALYSIS = YES;
				CLANG_WARN_STRICT_PROTOTYPES = YES;
				CLANG_WARN_SUSPICIOUS_MOVE = YES;
				CLANG_WARN_UNGUARDED_AVAILABILITY = YES_AGGRESSIVE;
				CLANG_WARN_UNREACHABLE_CODE = YES;
				CLANG_WARN__DUPLICATE_METHOD_MATCH = YES;
				COPY_PHASE_STRIP = NO;
				DEBUG_INFORMATION_FORMAT = "dwarf-with-dsym";
				ENABLE_NS_ASSERTIONS = NO;
				ENABLE_STRICT_OBJC_MSGSEND = YES;
				GCC_C_LANGUAGE_STANDARD = gnu11;
				GCC_NO_COMMON_BLOCKS = YES;
				GCC_WARN_64_TO_32_BIT_CONVERSION = YES;
				GCC_WARN_ABOUT_RETURN_TYPE = YES_ERROR;
				GCC_WARN_UNDECLARED_SELECTOR = YES;
				GCC_WARN_UNINITIALIZED_AUTOS = YES_AGGRESSIVE;
				GCC_WARN_UNUSED_FUNCTION = YES;
				GCC_WARN_UNUSED_VARIABLE = YES;
				IPHONEOS_DEPLOYMENT_TARGET = 13.4;
				MTL_ENABLE_DEBUG_INFO = NO;
				MTL_FAST_MATH = YES;
				SDKROOT = iphoneos;
				SWIFT_COMPILATION_MODE = wholemodule;
				SWIFT_OPTIMIZATION_LEVEL = "-O";
				VALIDATE_PRODUCT = YES;
			};
			name = Release;
		};
		2B4C5BF724746262006692BB /* Debug */ = {
			isa = XCBuildConfiguration;
			baseConfigurationReference = AA6B96380B1414C9B6B3BBE7 /* Pods-AppStoreJSONApis.debug.xcconfig */;
			buildSettings = {
				ASSETCATALOG_COMPILER_APPICON_NAME = AppIcon;
				CODE_SIGN_STYLE = Automatic;
				DEVELOPMENT_TEAM = 9UD82E8292;
				INFOPLIST_FILE = AppStoreJSONApis/Info.plist;
				LD_RUNPATH_SEARCH_PATHS = (
					"$(inherited)",
					"@executable_path/Frameworks",
				);
				PRODUCT_BUNDLE_IDENTIFIER = AppStoreLBTA.AppStoreJSONApis;
				PRODUCT_NAME = "$(TARGET_NAME)";
				SWIFT_VERSION = 5.0;
				TARGETED_DEVICE_FAMILY = "1,2";
			};
			name = Debug;
		};
		2B4C5BF824746262006692BB /* Release */ = {
			isa = XCBuildConfiguration;
			baseConfigurationReference = 1AAF1D6CF258759A1B291EF9 /* Pods-AppStoreJSONApis.release.xcconfig */;
			buildSettings = {
				ASSETCATALOG_COMPILER_APPICON_NAME = AppIcon;
				CODE_SIGN_STYLE = Automatic;
				DEVELOPMENT_TEAM = 9UD82E8292;
				INFOPLIST_FILE = AppStoreJSONApis/Info.plist;
				LD_RUNPATH_SEARCH_PATHS = (
					"$(inherited)",
					"@executable_path/Frameworks",
				);
				PRODUCT_BUNDLE_IDENTIFIER = AppStoreLBTA.AppStoreJSONApis;
				PRODUCT_NAME = "$(TARGET_NAME)";
				SWIFT_VERSION = 5.0;
				TARGETED_DEVICE_FAMILY = "1,2";
			};
			name = Release;
		};
/* End XCBuildConfiguration section */

/* Begin XCConfigurationList section */
		2B4C5BDD24746260006692BB /* Build configuration list for PBXProject "AppStoreJSONApis" */ = {
			isa = XCConfigurationList;
			buildConfigurations = (
				2B4C5BF424746262006692BB /* Debug */,
				2B4C5BF524746262006692BB /* Release */,
			);
			defaultConfigurationIsVisible = 0;
			defaultConfigurationName = Release;
		};
		2B4C5BF624746262006692BB /* Build configuration list for PBXNativeTarget "AppStoreJSONApis" */ = {
			isa = XCConfigurationList;
			buildConfigurations = (
				2B4C5BF724746262006692BB /* Debug */,
				2B4C5BF824746262006692BB /* Release */,
			);
			defaultConfigurationIsVisible = 0;
			defaultConfigurationName = Release;
		};
/* End XCConfigurationList section */
	};
	rootObject = 2B4C5BDA24746260006692BB /* Project object */;
}
